// !$*UTF8*$!
{
	archiveVersion = 1;
	classes = {
	};
	objectVersion = 56;
	objects = {

/* Begin PBXBuildFile section */
		A5536D562BA57E3400C4C9E0 /* tamashaprojectApp.swift in Sources */ = {isa = PBXBuildFile; fileRef = A5536D552BA57E3400C4C9E0 /* tamashaprojectApp.swift */; };
		A5536D582BA57E3400C4C9E0 /* ContentView.swift in Sources */ = {isa = PBXBuildFile; fileRef = A5536D572BA57E3400C4C9E0 /* ContentView.swift */; };
		A5536D5A2BA57E3500C4C9E0 /* Assets.xcassets in Resources */ = {isa = PBXBuildFile; fileRef = A5536D592BA57E3500C4C9E0 /* Assets.xcassets */; };
		A5536D5D2BA57E3500C4C9E0 /* Preview Assets.xcassets in Resources */ = {isa = PBXBuildFile; fileRef = A5536D5C2BA57E3500C4C9E0 /* Preview Assets.xcassets */; };
		A5536D672BA57E3500C4C9E0 /* tamashaprojectTests.swift in Sources */ = {isa = PBXBuildFile; fileRef = A5536D662BA57E3500C4C9E0 /* tamashaprojectTests.swift */; };
		A5536D712BA57E3500C4C9E0 /* tamashaprojectUITests.swift in Sources */ = {isa = PBXBuildFile; fileRef = A5536D702BA57E3500C4C9E0 /* tamashaprojectUITests.swift */; };
		A5536D732BA57E3500C4C9E0 /* tamashaprojectUITestsLaunchTests.swift in Sources */ = {isa = PBXBuildFile; fileRef = A5536D722BA57E3500C4C9E0 /* tamashaprojectUITestsLaunchTests.swift */; };
/* End PBXBuildFile section */

/* Begin PBXContainerItemProxy section */
		A5536D632BA57E3500C4C9E0 /* PBXContainerItemProxy */ = {
			isa = PBXContainerItemProxy;
			containerPortal = A5536D4A2BA57E3400C4C9E0 /* Project object */;
			proxyType = 1;
			remoteGlobalIDString = A5536D512BA57E3400C4C9E0;
			remoteInfo = tamashaproject;
		};
		A5536D6D2BA57E3500C4C9E0 /* PBXContainerItemProxy */ = {
			isa = PBXContainerItemProxy;
			containerPortal = A5536D4A2BA57E3400C4C9E0 /* Project object */;
			proxyType = 1;
			remoteGlobalIDString = A5536D512BA57E3400C4C9E0;
			remoteInfo = tamashaproject;
		};
/* End PBXContainerItemProxy section */

/* Begin PBXFileReference section */
		A5536D522BA57E3400C4C9E0 /* tamashaproject.app */ = {isa = PBXFileReference; explicitFileType = wrapper.application; includeInIndex = 0; path = tamashaproject.app; sourceTree = BUILT_PRODUCTS_DIR; };
		A5536D552BA57E3400C4C9E0 /* tamashaprojectApp.swift */ = {isa = PBXFileReference; lastKnownFileType = sourcecode.swift; path = tamashaprojectApp.swift; sourceTree = "<group>"; };
		A5536D572BA57E3400C4C9E0 /* ContentView.swift */ = {isa = PBXFileReference; lastKnownFileType = sourcecode.swift; path = ContentView.swift; sourceTree = "<group>"; };
		A5536D592BA57E3500C4C9E0 /* Assets.xcassets */ = {isa = PBXFileReference; lastKnownFileType = folder.assetcatalog; path = Assets.xcassets; sourceTree = "<group>"; };
		A5536D5C2BA57E3500C4C9E0 /* Preview Assets.xcassets */ = {isa = PBXFileReference; lastKnownFileType = folder.assetcatalog; path = "Preview Assets.xcassets"; sourceTree = "<group>"; };
		A5536D622BA57E3500C4C9E0 /* tamashaprojectTests.xctest */ = {isa = PBXFileReference; explicitFileType = wrapper.cfbundle; includeInIndex = 0; path = tamashaprojectTests.xctest; sourceTree = BUILT_PRODUCTS_DIR; };
		A5536D662BA57E3500C4C9E0 /* tamashaprojectTests.swift */ = {isa = PBXFileReference; lastKnownFileType = sourcecode.swift; path = tamashaprojectTests.swift; sourceTree = "<group>"; };
		A5536D6C2BA57E3500C4C9E0 /* tamashaprojectUITests.xctest */ = {isa = PBXFileReference; explicitFileType = wrapper.cfbundle; includeInIndex = 0; path = tamashaprojectUITests.xctest; sourceTree = BUILT_PRODUCTS_DIR; };
		A5536D702BA57E3500C4C9E0 /* tamashaprojectUITests.swift */ = {isa = PBXFileReference; lastKnownFileType = sourcecode.swift; path = tamashaprojectUITests.swift; sourceTree = "<group>"; };
		A5536D722BA57E3500C4C9E0 /* tamashaprojectUITestsLaunchTests.swift */ = {isa = PBXFileReference; lastKnownFileType = sourcecode.swift; path = tamashaprojectUITestsLaunchTests.swift; sourceTree = "<group>"; };
/* End PBXFileReference section */

/* Begin PBXFrameworksBuildPhase section */
		A5536D4F2BA57E3400C4C9E0 /* Frameworks */ = {
			isa = PBXFrameworksBuildPhase;
			buildActionMask = 2147483647;
			files = (
			);
			runOnlyForDeploymentPostprocessing = 0;
		};
		A5536D5F2BA57E3500C4C9E0 /* Frameworks */ = {
			isa = PBXFrameworksBuildPhase;
			buildActionMask = 2147483647;
			files = (
			);
			runOnlyForDeploymentPostprocessing = 0;
		};
		A5536D692BA57E3500C4C9E0 /* Frameworks */ = {
			isa = PBXFrameworksBuildPhase;
			buildActionMask = 2147483647;
			files = (
			);
			runOnlyForDeploymentPostprocessing = 0;
		};
/* End PBXFrameworksBuildPhase section */

/* Begin PBXGroup section */
		A5536D492BA57E3400C4C9E0 = {
			isa = PBXGroup;
			children = (
				A5536D542BA57E3400C4C9E0 /* tamashaproject */,
				A5536D652BA57E3500C4C9E0 /* tamashaprojectTests */,
				A5536D6F2BA57E3500C4C9E0 /* tamashaprojectUITests */,
				A5536D532BA57E3400C4C9E0 /* Products */,
			);
			sourceTree = "<group>";
		};
		A5536D532BA57E3400C4C9E0 /* Products */ = {
			isa = PBXGroup;
			children = (
				A5536D522BA57E3400C4C9E0 /* tamashaproject.app */,
				A5536D622BA57E3500C4C9E0 /* tamashaprojectTests.xctest */,
				A5536D6C2BA57E3500C4C9E0 /* tamashaprojectUITests.xctest */,
			);
			name = Products;
			sourceTree = "<group>";
		};
		A5536D542BA57E3400C4C9E0 /* tamashaproject */ = {
			isa = PBXGroup;
			children = (
				A5536D552BA57E3400C4C9E0 /* tamashaprojectApp.swift */,
				A5536D572BA57E3400C4C9E0 /* ContentView.swift */,
				A5536D592BA57E3500C4C9E0 /* Assets.xcassets */,
				A5536D5B2BA57E3500C4C9E0 /* Preview Content */,
			);
			path = tamashaproject;
			sourceTree = "<group>";
		};
		A5536D5B2BA57E3500C4C9E0 /* Preview Content */ = {
			isa = PBXGroup;
			children = (
				A5536D5C2BA57E3500C4C9E0 /* Preview Assets.xcassets */,
			);
			path = "Preview Content";
			sourceTree = "<group>";
		};
		A5536D652BA57E3500C4C9E0 /* tamashaprojectTests */ = {
			isa = PBXGroup;
			children = (
				A5536D662BA57E3500C4C9E0 /* tamashaprojectTests.swift */,
			);
			path = tamashaprojectTests;
			sourceTree = "<group>";
		};
		A5536D6F2BA57E3500C4C9E0 /* tamashaprojectUITests */ = {
			isa = PBXGroup;
			children = (
				A5536D702BA57E3500C4C9E0 /* tamashaprojectUITests.swift */,
				A5536D722BA57E3500C4C9E0 /* tamashaprojectUITestsLaunchTests.swift */,
			);
			path = tamashaprojectUITests;
			sourceTree = "<group>";
		};
/* End PBXGroup section */

/* Begin PBXNativeTarget section */
		A5536D512BA57E3400C4C9E0 /* tamashaproject */ = {
			isa = PBXNativeTarget;
			buildConfigurationList = A5536D762BA57E3500C4C9E0 /* Build configuration list for PBXNativeTarget "tamashaproject" */;
			buildPhases = (
				A5536D4E2BA57E3400C4C9E0 /* Sources */,
				A5536D4F2BA57E3400C4C9E0 /* Frameworks */,
				A5536D502BA57E3400C4C9E0 /* Resources */,
			);
			buildRules = (
			);
			dependencies = (
			);
			name = tamashaproject;
			productName = tamashaproject;
			productReference = A5536D522BA57E3400C4C9E0 /* tamashaproject.app */;
			productType = "com.apple.product-type.application";
		};
		A5536D612BA57E3500C4C9E0 /* tamashaprojectTests */ = {
			isa = PBXNativeTarget;
			buildConfigurationList = A5536D792BA57E3500C4C9E0 /* Build configuration list for PBXNativeTarget "tamashaprojectTests" */;
			buildPhases = (
				A5536D5E2BA57E3500C4C9E0 /* Sources */,
				A5536D5F2BA57E3500C4C9E0 /* Frameworks */,
				A5536D602BA57E3500C4C9E0 /* Resources */,
			);
			buildRules = (
			);
			dependencies = (
				A5536D642BA57E3500C4C9E0 /* PBXTargetDependency */,
			);
			name = tamashaprojectTests;
			productName = tamashaprojectTests;
			productReference = A5536D622BA57E3500C4C9E0 /* tamashaprojectTests.xctest */;
			productType = "com.apple.product-type.bundle.unit-test";
		};
		A5536D6B2BA57E3500C4C9E0 /* tamashaprojectUITests */ = {
			isa = PBXNativeTarget;
			buildConfigurationList = A5536D7C2BA57E3500C4C9E0 /* Build configuration list for PBXNativeTarget "tamashaprojectUITests" */;
			buildPhases = (
				A5536D682BA57E3500C4C9E0 /* Sources */,
				A5536D692BA57E3500C4C9E0 /* Frameworks */,
				A5536D6A2BA57E3500C4C9E0 /* Resources */,
			);
			buildRules = (
			);
			dependencies = (
				A5536D6E2BA57E3500C4C9E0 /* PBXTargetDependency */,
			);
			name = tamashaprojectUITests;
			productName = tamashaprojectUITests;
			productReference = A5536D6C2BA57E3500C4C9E0 /* tamashaprojectUITests.xctest */;
			productType = "com.apple.product-type.bundle.ui-testing";
		};
/* End PBXNativeTarget section */

/* Begin PBXProject section */
		A5536D4A2BA57E3400C4C9E0 /* Project object */ = {
			isa = PBXProject;
			attributes = {
				BuildIndependentTargetsInParallel = 1;
				LastSwiftUpdateCheck = 1520;
				LastUpgradeCheck = 1520;
				TargetAttributes = {
					A5536D512BA57E3400C4C9E0 = {
						CreatedOnToolsVersion = 15.2;
					};
					A5536D612BA57E3500C4C9E0 = {
						CreatedOnToolsVersion = 15.2;
						TestTargetID = A5536D512BA57E3400C4C9E0;
					};
					A5536D6B2BA57E3500C4C9E0 = {
						CreatedOnToolsVersion = 15.2;
						TestTargetID = A5536D512BA57E3400C4C9E0;
					};
				};
			};
			buildConfigurationList = A5536D4D2BA57E3400C4C9E0 /* Build configuration list for PBXProject "tamashaproject" */;
			compatibilityVersion = "Xcode 14.0";
			developmentRegion = en;
			hasScannedForEncodings = 0;
			knownRegions = (
				en,
				Base,
			);
			mainGroup = A5536D492BA57E3400C4C9E0;
			productRefGroup = A5536D532BA57E3400C4C9E0 /* Products */;
			projectDirPath = "";
			projectRoot = "";
			targets = (
				A5536D512BA57E3400C4C9E0 /* tamashaproject */,
				A5536D612BA57E3500C4C9E0 /* tamashaprojectTests */,
				A5536D6B2BA57E3500C4C9E0 /* tamashaprojectUITests */,
			);
		};
/* End PBXProject section */

/* Begin PBXResourcesBuildPhase section */
		A5536D502BA57E3400C4C9E0 /* Resources */ = {
			isa = PBXResourcesBuildPhase;
			buildActionMask = 2147483647;
			files = (
				A5536D5D2BA57E3500C4C9E0 /* Preview Assets.xcassets in Resources */,
				A5536D5A2BA57E3500C4C9E0 /* Assets.xcassets in Resources */,
			);
			runOnlyForDeploymentPostprocessing = 0;
		};
		A5536D602BA57E3500C4C9E0 /* Resources */ = {
			isa = PBXResourcesBuildPhase;
			buildActionMask = 2147483647;
			files = (
			);
			runOnlyForDeploymentPostprocessing = 0;
		};
		A5536D6A2BA57E3500C4C9E0 /* Resources */ = {
			isa = PBXResourcesBuildPhase;
			buildActionMask = 2147483647;
			files = (
			);
			runOnlyForDeploymentPostprocessing = 0;
		};
/* End PBXResourcesBuildPhase section */

/* Begin PBXSourcesBuildPhase section */
		A5536D4E2BA57E3400C4C9E0 /* Sources */ = {
			isa = PBXSourcesBuildPhase;
			buildActionMask = 2147483647;
			files = (
				A5536D582BA57E3400C4C9E0 /* ContentView.swift in Sources */,
				A5536D562BA57E3400C4C9E0 /* tamashaprojectApp.swift in Sources */,
			);
			runOnlyForDeploymentPostprocessing = 0;
		};
		A5536D5E2BA57E3500C4C9E0 /* Sources */ = {
			isa = PBXSourcesBuildPhase;
			buildActionMask = 2147483647;
			files = (
				A5536D672BA57E3500C4C9E0 /* tamashaprojectTests.swift in Sources */,
			);
			runOnlyForDeploymentPostprocessing = 0;
		};
		A5536D682BA57E3500C4C9E0 /* Sources */ = {
			isa = PBXSourcesBuildPhase;
			buildActionMask = 2147483647;
			files = (
				A5536D732BA57E3500C4C9E0 /* tamashaprojectUITestsLaunchTests.swift in Sources */,
				A5536D712BA57E3500C4C9E0 /* tamashaprojectUITests.swift in Sources */,
			);
			runOnlyForDeploymentPostprocessing = 0;
		};
/* End PBXSourcesBuildPhase section */

/* Begin PBXTargetDependency section */
		A5536D642BA57E3500C4C9E0 /* PBXTargetDependency */ = {
			isa = PBXTargetDependency;
			target = A5536D512BA57E3400C4C9E0 /* tamashaproject */;
			targetProxy = A5536D632BA57E3500C4C9E0 /* PBXContainerItemProxy */;
		};
		A5536D6E2BA57E3500C4C9E0 /* PBXTargetDependency */ = {
			isa = PBXTargetDependency;
			target = A5536D512BA57E3400C4C9E0 /* tamashaproject */;
			targetProxy = A5536D6D2BA57E3500C4C9E0 /* PBXContainerItemProxy */;
		};
/* End PBXTargetDependency section */

/* Begin XCBuildConfiguration section */
		A5536D742BA57E3500C4C9E0 /* Debug */ = {
			isa = XCBuildConfiguration;
			buildSettings = {
				ALWAYS_SEARCH_USER_PATHS = NO;
				ASSETCATALOG_COMPILER_GENERATE_SWIFT_ASSET_SYMBOL_EXTENSIONS = YES;
				CLANG_ANALYZER_NONNULL = YES;
				CLANG_ANALYZER_NUMBER_OBJECT_CONVERSION = YES_AGGRESSIVE;
				CLANG_CXX_LANGUAGE_STANDARD = "gnu++20";
				CLANG_ENABLE_MODULES = YES;
				CLANG_ENABLE_OBJC_ARC = YES;
				CLANG_ENABLE_OBJC_WEAK = YES;
				CLANG_WARN_BLOCK_CAPTURE_AUTORELEASING = YES;
				CLANG_WARN_BOOL_CONVERSION = YES;
				CLANG_WARN_COMMA = YES;
				CLANG_WARN_CONSTANT_CONVERSION = YES;
				CLANG_WARN_DEPRECATED_OBJC_IMPLEMENTATIONS = YES;
				CLANG_WARN_DIRECT_OBJC_ISA_USAGE = YES_ERROR;
				CLANG_WARN_DOCUMENTATION_COMMENTS = YES;
				CLANG_WARN_EMPTY_BODY = YES;
				CLANG_WARN_ENUM_CONVERSION = YES;
				CLANG_WARN_INFINITE_RECURSION = YES;
				CLANG_WARN_INT_CONVERSION = YES;
				CLANG_WARN_NON_LITERAL_NULL_CONVERSION = YES;
				CLANG_WARN_OBJC_IMPLICIT_RETAIN_SELF = YES;
				CLANG_WARN_OBJC_LITERAL_CONVERSION = YES;
				CLANG_WARN_OBJC_ROOT_CLASS = YES_ERROR;
				CLANG_WARN_QUOTED_INCLUDE_IN_FRAMEWORK_HEADER = YES;
				CLANG_WARN_RANGE_LOOP_ANALYSIS = YES;
				CLANG_WARN_STRICT_PROTOTYPES = YES;
				CLANG_WARN_SUSPICIOUS_MOVE = YES;
				CLANG_WARN_UNGUARDED_AVAILABILITY = YES_AGGRESSIVE;
				CLANG_WARN_UNREACHABLE_CODE = YES;
				CLANG_WARN__DUPLICATE_METHOD_MATCH = YES;
				COPY_PHASE_STRIP = NO;
				DEBUG_INFORMATION_FORMAT = dwarf;
				ENABLE_STRICT_OBJC_MSGSEND = YES;
				ENABLE_TESTABILITY = YES;
				ENABLE_USER_SCRIPT_SANDBOXING = YES;
				GCC_C_LANGUAGE_STANDARD = gnu17;
				GCC_DYNAMIC_NO_PIC = NO;
				GCC_NO_COMMON_BLOCKS = YES;
				GCC_OPTIMIZATION_LEVEL = 0;
				GCC_PREPROCESSOR_DEFINITIONS = (
					"DEBUG=1",
					"$(inherited)",
				);
				GCC_WARN_64_TO_32_BIT_CONVERSION = YES;
				GCC_WARN_ABOUT_RETURN_TYPE = YES_ERROR;
				GCC_WARN_UNDECLARED_SELECTOR = YES;
				GCC_WARN_UNINITIALIZED_AUTOS = YES_AGGRESSIVE;
				GCC_WARN_UNUSED_FUNCTION = YES;
				GCC_WARN_UNUSED_VARIABLE = YES;
				IPHONEOS_DEPLOYMENT_TARGET = 17.2;
				LOCALIZATION_PREFERS_STRING_CATALOGS = YES;
				MTL_ENABLE_DEBUG_INFO = INCLUDE_SOURCE;
				MTL_FAST_MATH = YES;
				ONLY_ACTIVE_ARCH = YES;
				SDKROOT = iphoneos;
				SWIFT_ACTIVE_COMPILATION_CONDITIONS = "DEBUG $(inherited)";
				SWIFT_OPTIMIZATION_LEVEL = "-Onone";
			};
			name = Debug;
		};
		A5536D752BA57E3500C4C9E0 /* Release */ = {
			isa = XCBuildConfiguration;
			buildSettings = {
				ALWAYS_SEARCH_USER_PATHS = NO;
				ASSETCATALOG_COMPILER_GENERATE_SWIFT_ASSET_SYMBOL_EXTENSIONS = YES;
				CLANG_ANALYZER_NONNULL = YES;
				CLANG_ANALYZER_NUMBER_OBJECT_CONVERSION = YES_AGGRESSIVE;
				CLANG_CXX_LANGUAGE_STANDARD = "gnu++20";
				CLANG_ENABLE_MODULES = YES;
				CLANG_ENABLE_OBJC_ARC = YES;
				CLANG_ENABLE_OBJC_WEAK = YES;
				CLANG_WARN_BLOCK_CAPTURE_AUTORELEASING = YES;
				CLANG_WARN_BOOL_CONVERSION = YES;
				CLANG_WARN_COMMA = YES;
				CLANG_WARN_CONSTANT_CONVERSION = YES;
				CLANG_WARN_DEPRECATED_OBJC_IMPLEMENTATIONS = YES;
				CLANG_WARN_DIRECT_OBJC_ISA_USAGE = YES_ERROR;
				CLANG_WARN_DOCUMENTATION_COMMENTS = YES;
				CLANG_WARN_EMPTY_BODY = YES;
				CLANG_WARN_ENUM_CONVERSION = YES;
				CLANG_WARN_INFINITE_RECURSION = YES;
				CLANG_WARN_INT_CONVERSION = YES;
				CLANG_WARN_NON_LITERAL_NULL_CONVERSION = YES;
				CLANG_WARN_OBJC_IMPLICIT_RETAIN_SELF = YES;
				CLANG_WARN_OBJC_LITERAL_CONVERSION = YES;
				CLANG_WARN_OBJC_ROOT_CLASS = YES_ERROR;
				CLANG_WARN_QUOTED_INCLUDE_IN_FRAMEWORK_HEADER = YES;
				CLANG_WARN_RANGE_LOOP_ANALYSIS = YES;
				CLANG_WARN_STRICT_PROTOTYPES = YES;
				CLANG_WARN_SUSPICIOUS_MOVE = YES;
				CLANG_WARN_UNGUARDED_AVAILABILITY = YES_AGGRESSIVE;
				CLANG_WARN_UNREACHABLE_CODE = YES;
				CLANG_WARN__DUPLICATE_METHOD_MATCH = YES;
				COPY_PHASE_STRIP = NO;
				DEBUG_INFORMATION_FORMAT = "dwarf-with-dsym";
				ENABLE_NS_ASSERTIONS = NO;
				ENABLE_STRICT_OBJC_MSGSEND = YES;
				ENABLE_USER_SCRIPT_SANDBOXING = YES;
				GCC_C_LANGUAGE_STANDARD = gnu17;
				GCC_NO_COMMON_BLOCKS = YES;
				GCC_WARN_64_TO_32_BIT_CONVERSION = YES;
				GCC_WARN_ABOUT_RETURN_TYPE = YES_ERROR;
				GCC_WARN_UNDECLARED_SELECTOR = YES;
				GCC_WARN_UNINITIALIZED_AUTOS = YES_AGGRESSIVE;
				GCC_WARN_UNUSED_FUNCTION = YES;
				GCC_WARN_UNUSED_VARIABLE = YES;
				IPHONEOS_DEPLOYMENT_TARGET = 17.2;
				LOCALIZATION_PREFERS_STRING_CATALOGS = YES;
				MTL_ENABLE_DEBUG_INFO = NO;
				MTL_FAST_MATH = YES;
				SDKROOT = iphoneos;
				SWIFT_COMPILATION_MODE = wholemodule;
				VALIDATE_PRODUCT = YES;
			};
			name = Release;
		};
		A5536D772BA57E3500C4C9E0 /* Debug */ = {
			isa = XCBuildConfiguration;
			buildSettings = {
				ASSETCATALOG_COMPILER_APPICON_NAME = AppIcon;
				ASSETCATALOG_COMPILER_GLOBAL_ACCENT_COLOR_NAME = AccentColor;
				CODE_SIGN_STYLE = Automatic;
				CURRENT_PROJECT_VERSION = 1;
				DEVELOPMENT_ASSET_PATHS = "\"tamashaproject/Preview Content\"";
				ENABLE_PREVIEWS = YES;
				GENERATE_INFOPLIST_FILE = YES;
				INFOPLIST_KEY_UIApplicationSceneManifest_Generation = YES;
				INFOPLIST_KEY_UIApplicationSupportsIndirectInputEvents = YES;
				INFOPLIST_KEY_UILaunchScreen_Generation = YES;
				INFOPLIST_KEY_UISupportedInterfaceOrientations_iPad = "UIInterfaceOrientationPortrait UIInterfaceOrientationPortraitUpsideDown UIInterfaceOrientationLandscapeLeft UIInterfaceOrientationLandscapeRight";
				INFOPLIST_KEY_UISupportedInterfaceOrientations_iPhone = "UIInterfaceOrientationPortrait UIInterfaceOrientationLandscapeLeft UIInterfaceOrientationLandscapeRight";
				LD_RUNPATH_SEARCH_PATHS = (
					"$(inherited)",
					"@executable_path/Frameworks",
				);
				MARKETING_VERSION = 1.0;
				PRODUCT_BUNDLE_IDENTIFIER = lksh.tamashaproject;
				PRODUCT_NAME = "$(TARGET_NAME)";
				SWIFT_EMIT_LOC_STRINGS = YES;
				SWIFT_VERSION = 5.0;
				TARGETED_DEVICE_FAMILY = "1,2";
			};
			name = Debug;
		};
		A5536D782BA57E3500C4C9E0 /* Release */ = {
			isa = XCBuildConfiguration;
			buildSettings = {
				ASSETCATALOG_COMPILER_APPICON_NAME = AppIcon;
				ASSETCATALOG_COMPILER_GLOBAL_ACCENT_COLOR_NAME = AccentColor;
				CODE_SIGN_STYLE = Automatic;
				CURRENT_PROJECT_VERSION = 1;
				DEVELOPMENT_ASSET_PATHS = "\"tamashaproject/Preview Content\"";
				ENABLE_PREVIEWS = YES;
				GENERATE_INFOPLIST_FILE = YES;
				INFOPLIST_KEY_UIApplicationSceneManifest_Generation = YES;
				INFOPLIST_KEY_UIApplicationSupportsIndirectInputEvents = YES;
				INFOPLIST_KEY_UILaunchScreen_Generation = YES;
				INFOPLIST_KEY_UISupportedInterfaceOrientations_iPad = "UIInterfaceOrientationPortrait UIInterfaceOrientationPortraitUpsideDown UIInterfaceOrientationLandscapeLeft UIInterfaceOrientationLandscapeRight";
				INFOPLIST_KEY_UISupportedInterfaceOrientations_iPhone = "UIInterfaceOrientationPortrait UIInterfaceOrientationLandscapeLeft UIInterfaceOrientationLandscapeRight";
				LD_RUNPATH_SEARCH_PATHS = (
					"$(inherited)",
					"@executable_path/Frameworks",
				);
				MARKETING_VERSION = 1.0;
				PRODUCT_BUNDLE_IDENTIFIER = lksh.tamashaproject;
				PRODUCT_NAME = "$(TARGET_NAME)";
				SWIFT_EMIT_LOC_STRINGS = YES;
				SWIFT_VERSION = 5.0;
				TARGETED_DEVICE_FAMILY = "1,2";
			};
			name = Release;
		};
		A5536D7A2BA57E3500C4C9E0 /* Debug */ = {
			isa = XCBuildConfiguration;
			buildSettings = {
				ALWAYS_EMBED_SWIFT_STANDARD_LIBRARIES = YES;
				BUNDLE_LOADER = "$(TEST_HOST)";
				CODE_SIGN_STYLE = Automatic;
				CURRENT_PROJECT_VERSION = 1;
				GENERATE_INFOPLIST_FILE = YES;
				IPHONEOS_DEPLOYMENT_TARGET = 17.2;
				MARKETING_VERSION = 1.0;
				PRODUCT_BUNDLE_IDENTIFIER = lksh.tamashaprojectTests;
				PRODUCT_NAME = "$(TARGET_NAME)";
				SWIFT_EMIT_LOC_STRINGS = NO;
				SWIFT_VERSION = 5.0;
				TARGETED_DEVICE_FAMILY = "1,2";
				TEST_HOST = "$(BUILT_PRODUCTS_DIR)/tamashaproject.app/$(BUNDLE_EXECUTABLE_FOLDER_PATH)/tamashaproject";
			};
			name = Debug;
		};
		A5536D7B2BA57E3500C4C9E0 /* Release */ = {
			isa = XCBuildConfiguration;
			buildSettings = {
				ALWAYS_EMBED_SWIFT_STANDARD_LIBRARIES = YES;
				BUNDLE_LOADER = "$(TEST_HOST)";
				CODE_SIGN_STYLE = Automatic;
				CURRENT_PROJECT_VERSION = 1;
				GENERATE_INFOPLIST_FILE = YES;
				IPHONEOS_DEPLOYMENT_TARGET = 17.2;
				MARKETING_VERSION = 1.0;
				PRODUCT_BUNDLE_IDENTIFIER = lksh.tamashaprojectTests;
				PRODUCT_NAME = "$(TARGET_NAME)";
				SWIFT_EMIT_LOC_STRINGS = NO;
				SWIFT_VERSION = 5.0;
				TARGETED_DEVICE_FAMILY = "1,2";
				TEST_HOST = "$(BUILT_PRODUCTS_DIR)/tamashaproject.app/$(BUNDLE_EXECUTABLE_FOLDER_PATH)/tamashaproject";
			};
			name = Release;
		};
		A5536D7D2BA57E3500C4C9E0 /* Debug */ = {
			isa = XCBuildConfiguration;
			buildSettings = {
				ALWAYS_EMBED_SWIFT_STANDARD_LIBRARIES = YES;
				CODE_SIGN_STYLE = Automatic;
				CURRENT_PROJECT_VERSION = 1;
				GENERATE_INFOPLIST_FILE = YES;
				MARKETING_VERSION = 1.0;
				PRODUCT_BUNDLE_IDENTIFIER = lksh.tamashaprojectUITests;
				PRODUCT_NAME = "$(TARGET_NAME)";
				SWIFT_EMIT_LOC_STRINGS = NO;
				SWIFT_VERSION = 5.0;
				TARGETED_DEVICE_FAMILY = "1,2";
				TEST_TARGET_NAME = tamashaproject;
			};
			name = Debug;
		};
		A5536D7E2BA57E3500C4C9E0 /* Release */ = {
			isa = XCBuildConfiguration;
			buildSettings = {
				ALWAYS_EMBED_SWIFT_STANDARD_LIBRARIES = YES;
				CODE_SIGN_STYLE = Automatic;
				CURRENT_PROJECT_VERSION = 1;
				GENERATE_INFOPLIST_FILE = YES;
				MARKETING_VERSION = 1.0;
				PRODUCT_BUNDLE_IDENTIFIER = lksh.tamashaprojectUITests;
				PRODUCT_NAME = "$(TARGET_NAME)";
				SWIFT_EMIT_LOC_STRINGS = NO;
				SWIFT_VERSION = 5.0;
				TARGETED_DEVICE_FAMILY = "1,2";
				TEST_TARGET_NAME = tamashaproject;
			};
			name = Release;
		};
/* End XCBuildConfiguration section */

/* Begin XCConfigurationList section */
		A5536D4D2BA57E3400C4C9E0 /* Build configuration list for PBXProject "tamashaproject" */ = {
			isa = XCConfigurationList;
			buildConfigurations = (
				A5536D742BA57E3500C4C9E0 /* Debug */,
				A5536D752BA57E3500C4C9E0 /* Release */,
			);
			defaultConfigurationIsVisible = 0;
			defaultConfigurationName = Release;
		};
		A5536D762BA57E3500C4C9E0 /* Build configuration list for PBXNativeTarget "tamashaproject" */ = {
			isa = XCConfigurationList;
			buildConfigurations = (
				A5536D772BA57E3500C4C9E0 /* Debug */,
				A5536D782BA57E3500C4C9E0 /* Release */,
			);
			defaultConfigurationIsVisible = 0;
			defaultConfigurationName = Release;
		};
		A5536D792BA57E3500C4C9E0 /* Build configuration list for PBXNativeTarget "tamashaprojectTests" */ = {
			isa = XCConfigurationList;
			buildConfigurations = (
				A5536D7A2BA57E3500C4C9E0 /* Debug */,
				A5536D7B2BA57E3500C4C9E0 /* Release */,
			);
			defaultConfigurationIsVisible = 0;
			defaultConfigurationName = Release;
		};
		A5536D7C2BA57E3500C4C9E0 /* Build configuration list for PBXNativeTarget "tamashaprojectUITests" */ = {
			isa = XCConfigurationList;
			buildConfigurations = (
				A5536D7D2BA57E3500C4C9E0 /* Debug */,
				A5536D7E2BA57E3500C4C9E0 /* Release */,
			);
			defaultConfigurationIsVisible = 0;
			defaultConfigurationName = Release;
		};
/* End XCConfigurationList section */
	};
	rootObject = A5536D4A2BA57E3400C4C9E0 /* Project object */;
}
